// !$*UTF8*$!
{
	archiveVersion = 1;
	classes = {
	};
	objectVersion = 56;
	objects = {

/* Begin PBXBuildFile section */
		A10001 /* PM5MonitorApp.swift in Sources */ = {isa = PBXBuildFile; fileRef = A10002 /* PM5MonitorApp.swift */; };
		A10003 /* ContentView.swift in Sources */ = {isa = PBXBuildFile; fileRef = A10004 /* ContentView.swift */; };
		A10005 /* BLEManager.swift in Sources */ = {isa = PBXBuildFile; fileRef = A10006 /* BLEManager.swift */; };
		A10009 /* CameraManager.swift in Sources */ = {isa = PBXBuildFile; fileRef = A1000A /* CameraManager.swift */; };
		A1000B /* RowingMetrics.swift in Sources */ = {isa = PBXBuildFile; fileRef = A1000C /* RowingMetrics.swift */; };
		A1000D /* UserProfile.swift in Sources */ = {isa = PBXBuildFile; fileRef = A1000E /* UserProfile.swift */; };
		A1000F /* Lobby.swift in Sources */ = {isa = PBXBuildFile; fileRef = A10010 /* Lobby.swift */; };
		A10011 /* Race.swift in Sources */ = {isa = PBXBuildFile; fileRef = A10012 /* Race.swift */; };
		A10013 /* AuthService.swift in Sources */ = {isa = PBXBuildFile; fileRef = A10014 /* AuthService.swift */; };
		A10015 /* LobbyService.swift in Sources */ = {isa = PBXBuildFile; fileRef = A10016 /* LobbyService.swift */; };
		A10017 /* RaceService.swift in Sources */ = {isa = PBXBuildFile; fileRef = A10018 /* RaceService.swift */; };
		A10019 /* FirebaseConfig.swift in Sources */ = {isa = PBXBuildFile; fileRef = A1001A /* FirebaseConfig.swift */; };
		A1001B /* WalletService.swift in Sources */ = {isa = PBXBuildFile; fileRef = A1001C /* WalletService.swift */; };
		A1001D /* LoginView.swift in Sources */ = {isa = PBXBuildFile; fileRef = A1001E /* LoginView.swift */; };
		A1001F /* MainTabView.swift in Sources */ = {isa = PBXBuildFile; fileRef = A10020 /* MainTabView.swift */; };
		A10021 /* LobbyListView.swift in Sources */ = {isa = PBXBuildFile; fileRef = A10022 /* LobbyListView.swift */; };
		A10023 /* CreateLobbyView.swift in Sources */ = {isa = PBXBuildFile; fileRef = A10024 /* CreateLobbyView.swift */; };
		A10025 /* LobbyDetailView.swift in Sources */ = {isa = PBXBuildFile; fileRef = A10026 /* LobbyDetailView.swift */; };
		A10027 /* RaceView.swift in Sources */ = {isa = PBXBuildFile; fileRef = A10028 /* RaceView.swift */; };
		A10029 /* WalletView.swift in Sources */ = {isa = PBXBuildFile; fileRef = A1002A /* WalletView.swift */; };
/* End PBXBuildFile section */

/* Begin PBXFileReference section */
		A10002 /* PM5MonitorApp.swift */ = {isa = PBXFileReference; lastKnownFileType = sourcecode.swift; path = PM5MonitorApp.swift; sourceTree = "<group>"; };
		A10004 /* ContentView.swift */ = {isa = PBXFileReference; lastKnownFileType = sourcecode.swift; path = ContentView.swift; sourceTree = "<group>"; };
		A10006 /* BLEManager.swift */ = {isa = PBXFileReference; lastKnownFileType = sourcecode.swift; path = BLEManager.swift; sourceTree = "<group>"; };
		A10007 /* Info.plist */ = {isa = PBXFileReference; lastKnownFileType = text.plist.xml; path = Info.plist; sourceTree = "<group>"; };
		A10008 /* PM5Monitor.app */ = {isa = PBXFileReference; explicitFileType = wrapper.application; includeInIndex = 0; path = PM5Monitor.app; sourceTree = BUILT_PRODUCTS_DIR; };
		A1000A /* CameraManager.swift */ = {isa = PBXFileReference; lastKnownFileType = sourcecode.swift; path = CameraManager.swift; sourceTree = "<group>"; };
		A1000C /* RowingMetrics.swift */ = {isa = PBXFileReference; lastKnownFileType = sourcecode.swift; path = RowingMetrics.swift; sourceTree = "<group>"; };
		A1000E /* UserProfile.swift */ = {isa = PBXFileReference; lastKnownFileType = sourcecode.swift; path = UserProfile.swift; sourceTree = "<group>"; };
		A10010 /* Lobby.swift */ = {isa = PBXFileReference; lastKnownFileType = sourcecode.swift; path = Lobby.swift; sourceTree = "<group>"; };
		A10012 /* Race.swift */ = {isa = PBXFileReference; lastKnownFileType = sourcecode.swift; path = Race.swift; sourceTree = "<group>"; };
		A10014 /* AuthService.swift */ = {isa = PBXFileReference; lastKnownFileType = sourcecode.swift; path = AuthService.swift; sourceTree = "<group>"; };
		A10016 /* LobbyService.swift */ = {isa = PBXFileReference; lastKnownFileType = sourcecode.swift; path = LobbyService.swift; sourceTree = "<group>"; };
		A10018 /* RaceService.swift */ = {isa = PBXFileReference; lastKnownFileType = sourcecode.swift; path = RaceService.swift; sourceTree = "<group>"; };
		A1001A /* FirebaseConfig.swift */ = {isa = PBXFileReference; lastKnownFileType = sourcecode.swift; path = FirebaseConfig.swift; sourceTree = "<group>"; };
		A1001C /* WalletService.swift */ = {isa = PBXFileReference; lastKnownFileType = sourcecode.swift; path = WalletService.swift; sourceTree = "<group>"; };
		A1001E /* LoginView.swift */ = {isa = PBXFileReference; lastKnownFileType = sourcecode.swift; path = LoginView.swift; sourceTree = "<group>"; };
		A10020 /* MainTabView.swift */ = {isa = PBXFileReference; lastKnownFileType = sourcecode.swift; path = MainTabView.swift; sourceTree = "<group>"; };
		A10022 /* LobbyListView.swift */ = {isa = PBXFileReference; lastKnownFileType = sourcecode.swift; path = LobbyListView.swift; sourceTree = "<group>"; };
		A10024 /* CreateLobbyView.swift */ = {isa = PBXFileReference; lastKnownFileType = sourcecode.swift; path = CreateLobbyView.swift; sourceTree = "<group>"; };
		A10026 /* LobbyDetailView.swift */ = {isa = PBXFileReference; lastKnownFileType = sourcecode.swift; path = LobbyDetailView.swift; sourceTree = "<group>"; };
		A10028 /* RaceView.swift */ = {isa = PBXFileReference; lastKnownFileType = sourcecode.swift; path = RaceView.swift; sourceTree = "<group>"; };
		A1002A /* WalletView.swift */ = {isa = PBXFileReference; lastKnownFileType = sourcecode.swift; path = WalletView.swift; sourceTree = "<group>"; };
/* End PBXFileReference section */

/* Begin PBXFrameworksBuildPhase section */
		A10030 /* Frameworks */ = {
			isa = PBXFrameworksBuildPhase;
			buildActionMask = 2147483647;
			files = (
			);
			runOnlyForDeploymentPostprocessing = 0;
		};
/* End PBXFrameworksBuildPhase section */

/* Begin PBXGroup section */
		A10040 = {
			isa = PBXGroup;
			children = (
				A10041 /* PM5Monitor */,
				A10042 /* Products */,
			);
			sourceTree = "<group>";
		};
		A10041 /* PM5Monitor */ = {
			isa = PBXGroup;
			children = (
				A10043 /* Config */,
				A10044 /* Models */,
				A10045 /* Services */,
				A10046 /* Views */,
				A10002 /* PM5MonitorApp.swift */,
				A10004 /* ContentView.swift */,
				A10006 /* BLEManager.swift */,
				A1000A /* CameraManager.swift */,
				A10007 /* Info.plist */,
			);
			path = PM5Monitor;
			sourceTree = "<group>";
		};
		A10042 /* Products */ = {
			isa = PBXGroup;
			children = (
				A10008 /* PM5Monitor.app */,
			);
			name = Products;
			sourceTree = "<group>";
		};
		A10043 /* Config */ = {
			isa = PBXGroup;
			children = (
				A1001A /* FirebaseConfig.swift */,
			);
			path = Config;
			sourceTree = "<group>";
		};
		A10044 /* Models */ = {
			isa = PBXGroup;
			children = (
				A1000C /* RowingMetrics.swift */,
				A1000E /* UserProfile.swift */,
				A10010 /* Lobby.swift */,
				A10012 /* Race.swift */,
			);
			path = Models;
			sourceTree = "<group>";
		};
		A10045 /* Services */ = {
			isa = PBXGroup;
			children = (
				A10014 /* AuthService.swift */,
				A10016 /* LobbyService.swift */,
				A10018 /* RaceService.swift */,
				A1001C /* WalletService.swift */,
			);
			path = Services;
			sourceTree = "<group>";
		};
		A10046 /* Views */ = {
			isa = PBXGroup;
			children = (
				A10047 /* Auth */,
				A10048 /* Lobby */,
				A10049 /* Race */,
				A1004A /* Wallet */,
				A10020 /* MainTabView.swift */,
			);
			path = Views;
			sourceTree = "<group>";
		};
		A10047 /* Auth */ = {
			isa = PBXGroup;
			children = (
				A1001E /* LoginView.swift */,
			);
			path = Auth;
			sourceTree = "<group>";
		};
		A10048 /* Lobby */ = {
			isa = PBXGroup;
			children = (
				A10022 /* LobbyListView.swift */,
				A10024 /* CreateLobbyView.swift */,
				A10026 /* LobbyDetailView.swift */,
			);
			path = Lobby;
			sourceTree = "<group>";
		};
		A10049 /* Race */ = {
			isa = PBXGroup;
			children = (
				A10028 /* RaceView.swift */,
			);
			path = Race;
			sourceTree = "<group>";
		};
		A1004A /* Wallet */ = {
			isa = PBXGroup;
			children = (
				A1002A /* WalletView.swift */,
			);
			path = Wallet;
			sourceTree = "<group>";
		};
/* End PBXGroup section */

/* Begin PBXNativeTarget section */
		A10050 /* PM5Monitor */ = {
			isa = PBXNativeTarget;
			buildConfigurationList = A10060 /* Build configuration list for PBXNativeTarget "PM5Monitor" */;
			buildPhases = (
				A10051 /* Sources */,
				A10030 /* Frameworks */,
				A10052 /* Resources */,
			);
			buildRules = (
			);
			dependencies = (
			);
			name = PM5Monitor;
			productName = PM5Monitor;
			productReference = A10008 /* PM5Monitor.app */;
			productType = "com.apple.product-type.application";
		};
/* End PBXNativeTarget section */

/* Begin PBXProject section */
		A10070 /* Project object */ = {
			isa = PBXProject;
			attributes = {
				BuildIndependentTargetsInParallel = 1;
				LastSwiftUpdateCheck = 1500;
				LastUpgradeCheck = 1500;
			};
			buildConfigurationList = A10071 /* Build configuration list for PBXProject "PM5Monitor" */;
			compatibilityVersion = "Xcode 14.0";
			developmentRegion = en;
			hasScannedForEncodings = 0;
			knownRegions = (
				en,
				Base,
			);
			mainGroup = A10040;
			productRefGroup = A10042 /* Products */;
			projectDirPath = "";
			projectRoot = "";
			targets = (
				A10050 /* PM5Monitor */,
			);
		};
/* End PBXProject section */

/* Begin PBXResourcesBuildPhase section */
		A10052 /* Resources */ = {
			isa = PBXResourcesBuildPhase;
			buildActionMask = 2147483647;
			files = (
			);
			runOnlyForDeploymentPostprocessing = 0;
		};
/* End PBXResourcesBuildPhase section */

/* Begin PBXSourcesBuildPhase section */
		A10051 /* Sources */ = {
			isa = PBXSourcesBuildPhase;
			buildActionMask = 2147483647;
			files = (
				A10001 /* PM5MonitorApp.swift in Sources */,
				A10003 /* ContentView.swift in Sources */,
				A10005 /* BLEManager.swift in Sources */,
				A10009 /* CameraManager.swift in Sources */,
				A1000B /* RowingMetrics.swift in Sources */,
				A1000D /* UserProfile.swift in Sources */,
				A1000F /* Lobby.swift in Sources */,
				A10011 /* Race.swift in Sources */,
				A10013 /* AuthService.swift in Sources */,
				A10015 /* LobbyService.swift in Sources */,
				A10017 /* RaceService.swift in Sources */,
				A10019 /* FirebaseConfig.swift in Sources */,
				A1001B /* WalletService.swift in Sources */,
				A1001D /* LoginView.swift in Sources */,
				A1001F /* MainTabView.swift in Sources */,
				A10021 /* LobbyListView.swift in Sources */,
				A10023 /* CreateLobbyView.swift in Sources */,
				A10025 /* LobbyDetailView.swift in Sources */,
				A10027 /* RaceView.swift in Sources */,
				A10029 /* WalletView.swift in Sources */,
			);
			runOnlyForDeploymentPostprocessing = 0;
		};
/* End PBXSourcesBuildPhase section */

/* Begin XCBuildConfiguration section */
		A10080 /* Debug */ = {
			isa = XCBuildConfiguration;
			buildSettings = {
				ALWAYS_SEARCH_USER_PATHS = NO;
				CLANG_ENABLE_MODULES = YES;
				CLANG_ENABLE_OBJC_ARC = YES;
				DEBUG_INFORMATION_FORMAT = dwarf;
				ENABLE_TESTABILITY = YES;
				GCC_OPTIMIZATION_LEVEL = 0;
				IPHONEOS_DEPLOYMENT_TARGET = 16.0;
				MTL_ENABLE_DEBUG_INFO = INCLUDE_SOURCE;
				ONLY_ACTIVE_ARCH = YES;
				SDKROOT = iphoneos;
				SWIFT_ACTIVE_COMPILATION_CONDITIONS = DEBUG;
				SWIFT_OPTIMIZATION_LEVEL = "-Onone";
			};
			name = Debug;
		};
		A10081 /* Release */ = {
			isa = XCBuildConfiguration;
			buildSettings = {
				ALWAYS_SEARCH_USER_PATHS = NO;
				CLANG_ENABLE_MODULES = YES;
				CLANG_ENABLE_OBJC_ARC = YES;
				DEBUG_INFORMATION_FORMAT = "dwarf-with-dsym";
				ENABLE_NS_ASSERTIONS = NO;
				IPHONEOS_DEPLOYMENT_TARGET = 16.0;
				MTL_ENABLE_DEBUG_INFO = NO;
				SDKROOT = iphoneos;
				SWIFT_COMPILATION_MODE = wholemodule;
				VALIDATE_PRODUCT = YES;
			};
			name = Release;
		};
		A10082 /* Debug */ = {
			isa = XCBuildConfiguration;
			buildSettings = {
				CODE_SIGN_STYLE = Automatic;
				CURRENT_PROJECT_VERSION = 1;
				DEVELOPMENT_TEAM = CGJD95J3X3;
				ENABLE_PREVIEWS = YES;
				GENERATE_INFOPLIST_FILE = YES;
				INFOPLIST_FILE = PM5Monitor/Info.plist;
				INFOPLIST_KEY_CFBundleDisplayName = "PM5 Racing";
				INFOPLIST_KEY_UIApplicationSceneManifest_Generation = YES;
				INFOPLIST_KEY_UILaunchScreen_Generation = YES;
				INFOPLIST_KEY_UISupportedInterfaceOrientations = "UIInterfaceOrientationPortrait UIInterfaceOrientationLandscapeLeft UIInterfaceOrientationLandscapeRight";
				LD_RUNPATH_SEARCH_PATHS = (
					"$(inherited)",
					"@executable_path/Frameworks",
				);
				MARKETING_VERSION = 1.0;
				PRODUCT_BUNDLE_IDENTIFIER = com.example.PM5Monitor;
				PRODUCT_NAME = "$(TARGET_NAME)";
				SWIFT_VERSION = 5.0;
				TARGETED_DEVICE_FAMILY = "1,2";
			};
			name = Debug;
		};
		A10083 /* Release */ = {
			isa = XCBuildConfiguration;
			buildSettings = {
				CODE_SIGN_STYLE = Automatic;
				CURRENT_PROJECT_VERSION = 1;
				DEVELOPMENT_TEAM = CGJD95J3X3;
				ENABLE_PREVIEWS = YES;
				GENERATE_INFOPLIST_FILE = YES;
				INFOPLIST_FILE = PM5Monitor/Info.plist;
				INFOPLIST_KEY_CFBundleDisplayName = "PM5 Racing";
				INFOPLIST_KEY_UIApplicationSceneManifest_Generation = YES;
				INFOPLIST_KEY_UILaunchScreen_Generation = YES;
				INFOPLIST_KEY_UISupportedInterfaceOrientations = "UIInterfaceOrientationPortrait UIInterfaceOrientationLandscapeLeft UIInterfaceOrientationLandscapeRight";
				LD_RUNPATH_SEARCH_PATHS = (
					"$(inherited)",
					"@executable_path/Frameworks",
				);
				MARKETING_VERSION = 1.0;
				PRODUCT_BUNDLE_IDENTIFIER = com.example.PM5Monitor;
				PRODUCT_NAME = "$(TARGET_NAME)";
				SWIFT_VERSION = 5.0;
				TARGETED_DEVICE_FAMILY = "1,2";
			};
			name = Release;
		};
/* End XCBuildConfiguration section */

/* Begin XCConfigurationList section */
		A10060 /* Build configuration list for PBXNativeTarget "PM5Monitor" */ = {
			isa = XCConfigurationList;
			buildConfigurations = (
				A10082 /* Debug */,
				A10083 /* Release */,
			);
			defaultConfigurationIsVisible = 0;
			defaultConfigurationName = Release;
		};
		A10071 /* Build configuration list for PBXProject "PM5Monitor" */ = {
			isa = XCConfigurationList;
			buildConfigurations = (
				A10080 /* Debug */,
				A10081 /* Release */,
			);
			defaultConfigurationIsVisible = 0;
			defaultConfigurationName = Release;
		};
/* End XCConfigurationList section */
	};
	rootObject = A10070 /* Project object */;
}
